
Microsoft Visual Studio Solution File, Format Version 12.00
# Visual Studio Version 16
VisualStudioVersion = 16.0.30114.105
MinimumVisualStudioVersion = 10.0.40219.1
Project("{FAE04EC0-301F-11D3-BF4B-00C04F79EFBC}") = "Aoc2015", "src\Aoc2015\Aoc2015.csproj", "{20A40328-738F-4CBE-970F-77D94978AA56}"
EndProject
Project("{FAE04EC0-301F-11D3-BF4B-00C04F79EFBC}") = "Aoc2015.Tests", "tests\Aoc2015.Tests\Aoc2015.Tests.csproj", "{5430DAA6-344E-4BD2-9849-F81620C822C6}"
EndProject
Global
	GlobalSection(SolutionConfigurationPlatforms) = preSolution
		Debug|Any CPU = Debug|Any CPU
		Release|Any CPU = Release|Any CPU
	EndGlobalSection
	GlobalSection(SolutionProperties) = preSolution
		HideSolutionNode = FALSE
	EndGlobalSection
	GlobalSection(ProjectConfigurationPlatforms) = postSolution
		{20A40328-738F-4CBE-970F-77D94978AA56}.Debug|Any CPU.ActiveCfg = Debug|Any CPU
		{20A40328-738F-4CBE-970F-77D94978AA56}.Debug|Any CPU.Build.0 = Debug|Any CPU
		{20A40328-738F-4CBE-970F-77D94978AA56}.Release|Any CPU.ActiveCfg = Release|Any CPU
		{20A40328-738F-4CBE-970F-77D94978AA56}.Release|Any CPU.Build.0 = Release|Any CPU
		{5430DAA6-344E-4BD2-9849-F81620C822C6}.Debug|Any CPU.ActiveCfg = Debug|Any CPU
		{5430DAA6-344E-4BD2-9849-F81620C822C6}.Debug|Any CPU.Build.0 = Debug|Any CPU
		{5430DAA6-344E-4BD2-9849-F81620C822C6}.Release|Any CPU.ActiveCfg = Release|Any CPU
		{5430DAA6-344E-4BD2-9849-F81620C822C6}.Release|Any CPU.Build.0 = Release|Any CPU
	EndGlobalSection
EndGlobal
